
Microsoft Visual Studio Solution File, Format Version 12.00
Project("{FAE04EC0-301F-11D3-BF4B-00C04F79EFBC}") = "Producer", "Work_Queue\Producer\Producer.csproj", "{B9D6C428-F1CB-43B1-9D08-D646E9C23B57}"
EndProject
Project("{FAE04EC0-301F-11D3-BF4B-00C04F79EFBC}") = "Service1", "Work_Queue\Service1\Service1.csproj", "{63971A94-4F8F-4C8D-9998-E995D6B54CEF}"
EndProject
Project("{FAE04EC0-301F-11D3-BF4B-00C04F79EFBC}") = "Service2", "Work_Queue\Service2\Service2.csproj", "{B3997EE4-A1FE-42DA-9FE1-D1F60655DA17}"
EndProject
Project("{2150E333-8FDC-42A3-9474-1A3956D46DE8}") = "Work_Queue", "Work_Queue", "{97EDC762-B7EF-4EC3-AE2D-F14D17775B47}"
EndProject
Project("{2150E333-8FDC-42A3-9474-1A3956D46DE8}") = "Fanout", "Fanout", "{923FB353-890B-4B43-8971-9229667B37A0}"
EndProject
Project("{FAE04EC0-301F-11D3-BF4B-00C04F79EFBC}") = "ProducerF", "Fanout\ProducerF\ProducerF.csproj", "{0B3E118C-A014-4719-959B-54D44C7C817A}"
EndProject
Project("{FAE04EC0-301F-11D3-BF4B-00C04F79EFBC}") = "ServiceF1", "Fanout\ServiceF1\ServiceF1.csproj", "{301AE53F-7120-474A-881F-68C1A872699C}"
EndProject
Project("{FAE04EC0-301F-11D3-BF4B-00C04F79EFBC}") = "ServiceF2", "Fanout\ServiceF2\ServiceF2.csproj", "{7947C1A2-DD95-4CDD-BAF8-025B98587CFC}"
EndProject
Project("{2150E333-8FDC-42A3-9474-1A3956D46DE8}") = "Direct", "Direct", "{DA6AF80E-E636-4DA2-90E0-6A8E80C74F63}"
EndProject
Project("{FAE04EC0-301F-11D3-BF4B-00C04F79EFBC}") = "ServiceD1", "Direct\ServiceD1\ServiceD1.csproj", "{D1DC4D80-855D-4CAC-BBE9-7C13D60EC5BB}"
EndProject
Project("{FAE04EC0-301F-11D3-BF4B-00C04F79EFBC}") = "ProducerD", "Direct\ProducerD\ProducerD.csproj", "{01D25A30-4958-4255-BD6B-87C7305606E8}"
EndProject
Project("{FAE04EC0-301F-11D3-BF4B-00C04F79EFBC}") = "ServiceD2", "Direct\ServiceD2\ServiceD2.csproj", "{ED0740AE-615E-4179-AE34-780F3F97FF8D}"
EndProject
Project("{2150E333-8FDC-42A3-9474-1A3956D46DE8}") = "Topic", "Topic", "{3B3C043F-1C8D-4092-B95A-91AB39BEB580}"
EndProject
Project("{FAE04EC0-301F-11D3-BF4B-00C04F79EFBC}") = "ProducerT", "Topic\ProducerT\ProducerT.csproj", "{8D614B07-B7B6-42BD-AC9B-E16F665A64C0}"
EndProject
Project("{FAE04EC0-301F-11D3-BF4B-00C04F79EFBC}") = "ServiceT1", "Topic\ServiceT1\ServiceT1.csproj", "{71A20F40-A350-4D3D-8CE9-103C6429DE3E}"
EndProject
Project("{FAE04EC0-301F-11D3-BF4B-00C04F79EFBC}") = "ServiceT2", "Topic\ServiceT2\ServiceT2.csproj", "{0C1A1231-D612-41EC-8C45-E8C4F372A051}"
EndProject
Project("{FAE04EC0-301F-11D3-BF4B-00C04F79EFBC}") = "ServiceT3", "Topic\ServiceT3\ServiceT3.csproj", "{B6017BFD-DE6A-45B0-AF86-10061EBC22CF}"
EndProject
Project("{FAE04EC0-301F-11D3-BF4B-00C04F79EFBC}") = "ConsumerD", "Direct\ConsumerD\ConsumerD.csproj", "{C505709B-A5D5-4917-BF9A-4A3AFB18B84F}"
EndProject
Project("{FAE04EC0-301F-11D3-BF4B-00C04F79EFBC}") = "Common", "Common\Common.csproj", "{48D7264B-2934-4508-9540-4C3B1020C0C5}"
EndProject
Project("{FAE04EC0-301F-11D3-BF4B-00C04F79EFBC}") = "ConsumerF", "Fanout\ConsumerF\ConsumerF.csproj", "{28B8023B-4420-4302-AB12-AA137BF0C45E}"
EndProject
Project("{FAE04EC0-301F-11D3-BF4B-00C04F79EFBC}") = "ConsumerT", "Topic\ConsumerT\ConsumerT.csproj", "{B5098D8A-950E-491A-B9B4-D454581EE21A}"
EndProject
Project("{FAE04EC0-301F-11D3-BF4B-00C04F79EFBC}") = "Consumer", "Work_Queue\Consumer\Consumer.csproj", "{D2843867-7CC9-4213-8BFF-782E9BF2DE40}"
EndProject
Global
	GlobalSection(SolutionConfigurationPlatforms) = preSolution
		Debug|Any CPU = Debug|Any CPU
		Release|Any CPU = Release|Any CPU
	EndGlobalSection
	GlobalSection(ProjectConfigurationPlatforms) = postSolution
		{B9D6C428-F1CB-43B1-9D08-D646E9C23B57}.Debug|Any CPU.ActiveCfg = Debug|Any CPU
		{B9D6C428-F1CB-43B1-9D08-D646E9C23B57}.Debug|Any CPU.Build.0 = Debug|Any CPU
		{B9D6C428-F1CB-43B1-9D08-D646E9C23B57}.Release|Any CPU.ActiveCfg = Release|Any CPU
		{B9D6C428-F1CB-43B1-9D08-D646E9C23B57}.Release|Any CPU.Build.0 = Release|Any CPU
		{63971A94-4F8F-4C8D-9998-E995D6B54CEF}.Debug|Any CPU.ActiveCfg = Debug|Any CPU
		{63971A94-4F8F-4C8D-9998-E995D6B54CEF}.Debug|Any CPU.Build.0 = Debug|Any CPU
		{63971A94-4F8F-4C8D-9998-E995D6B54CEF}.Release|Any CPU.ActiveCfg = Release|Any CPU
		{63971A94-4F8F-4C8D-9998-E995D6B54CEF}.Release|Any CPU.Build.0 = Release|Any CPU
		{B3997EE4-A1FE-42DA-9FE1-D1F60655DA17}.Debug|Any CPU.ActiveCfg = Debug|Any CPU
		{B3997EE4-A1FE-42DA-9FE1-D1F60655DA17}.Debug|Any CPU.Build.0 = Debug|Any CPU
		{B3997EE4-A1FE-42DA-9FE1-D1F60655DA17}.Release|Any CPU.ActiveCfg = Release|Any CPU
		{B3997EE4-A1FE-42DA-9FE1-D1F60655DA17}.Release|Any CPU.Build.0 = Release|Any CPU
		{0B3E118C-A014-4719-959B-54D44C7C817A}.Debug|Any CPU.ActiveCfg = Debug|Any CPU
		{0B3E118C-A014-4719-959B-54D44C7C817A}.Debug|Any CPU.Build.0 = Debug|Any CPU
		{0B3E118C-A014-4719-959B-54D44C7C817A}.Release|Any CPU.ActiveCfg = Release|Any CPU
		{0B3E118C-A014-4719-959B-54D44C7C817A}.Release|Any CPU.Build.0 = Release|Any CPU
		{301AE53F-7120-474A-881F-68C1A872699C}.Debug|Any CPU.ActiveCfg = Debug|Any CPU
		{301AE53F-7120-474A-881F-68C1A872699C}.Debug|Any CPU.Build.0 = Debug|Any CPU
		{301AE53F-7120-474A-881F-68C1A872699C}.Release|Any CPU.ActiveCfg = Release|Any CPU
		{301AE53F-7120-474A-881F-68C1A872699C}.Release|Any CPU.Build.0 = Release|Any CPU
		{7947C1A2-DD95-4CDD-BAF8-025B98587CFC}.Debug|Any CPU.ActiveCfg = Debug|Any CPU
		{7947C1A2-DD95-4CDD-BAF8-025B98587CFC}.Debug|Any CPU.Build.0 = Debug|Any CPU
		{7947C1A2-DD95-4CDD-BAF8-025B98587CFC}.Release|Any CPU.ActiveCfg = Release|Any CPU
		{7947C1A2-DD95-4CDD-BAF8-025B98587CFC}.Release|Any CPU.Build.0 = Release|Any CPU
		{D1DC4D80-855D-4CAC-BBE9-7C13D60EC5BB}.Debug|Any CPU.ActiveCfg = Debug|Any CPU
		{D1DC4D80-855D-4CAC-BBE9-7C13D60EC5BB}.Debug|Any CPU.Build.0 = Debug|Any CPU
		{D1DC4D80-855D-4CAC-BBE9-7C13D60EC5BB}.Release|Any CPU.ActiveCfg = Release|Any CPU
		{D1DC4D80-855D-4CAC-BBE9-7C13D60EC5BB}.Release|Any CPU.Build.0 = Release|Any CPU
		{01D25A30-4958-4255-BD6B-87C7305606E8}.Debug|Any CPU.ActiveCfg = Debug|Any CPU
		{01D25A30-4958-4255-BD6B-87C7305606E8}.Debug|Any CPU.Build.0 = Debug|Any CPU
		{01D25A30-4958-4255-BD6B-87C7305606E8}.Release|Any CPU.ActiveCfg = Release|Any CPU
		{01D25A30-4958-4255-BD6B-87C7305606E8}.Release|Any CPU.Build.0 = Release|Any CPU
		{ED0740AE-615E-4179-AE34-780F3F97FF8D}.Debug|Any CPU.ActiveCfg = Debug|Any CPU
		{ED0740AE-615E-4179-AE34-780F3F97FF8D}.Debug|Any CPU.Build.0 = Debug|Any CPU
		{ED0740AE-615E-4179-AE34-780F3F97FF8D}.Release|Any CPU.ActiveCfg = Release|Any CPU
		{ED0740AE-615E-4179-AE34-780F3F97FF8D}.Release|Any CPU.Build.0 = Release|Any CPU
		{8D614B07-B7B6-42BD-AC9B-E16F665A64C0}.Debug|Any CPU.ActiveCfg = Debug|Any CPU
		{8D614B07-B7B6-42BD-AC9B-E16F665A64C0}.Debug|Any CPU.Build.0 = Debug|Any CPU
		{8D614B07-B7B6-42BD-AC9B-E16F665A64C0}.Release|Any CPU.ActiveCfg = Release|Any CPU
		{8D614B07-B7B6-42BD-AC9B-E16F665A64C0}.Release|Any CPU.Build.0 = Release|Any CPU
		{71A20F40-A350-4D3D-8CE9-103C6429DE3E}.Debug|Any CPU.ActiveCfg = Debug|Any CPU
		{71A20F40-A350-4D3D-8CE9-103C6429DE3E}.Debug|Any CPU.Build.0 = Debug|Any CPU
		{71A20F40-A350-4D3D-8CE9-103C6429DE3E}.Release|Any CPU.ActiveCfg = Release|Any CPU
		{71A20F40-A350-4D3D-8CE9-103C6429DE3E}.Release|Any CPU.Build.0 = Release|Any CPU
		{0C1A1231-D612-41EC-8C45-E8C4F372A051}.Debug|Any CPU.ActiveCfg = Debug|Any CPU
		{0C1A1231-D612-41EC-8C45-E8C4F372A051}.Debug|Any CPU.Build.0 = Debug|Any CPU
		{0C1A1231-D612-41EC-8C45-E8C4F372A051}.Release|Any CPU.ActiveCfg = Release|Any CPU
		{0C1A1231-D612-41EC-8C45-E8C4F372A051}.Release|Any CPU.Build.0 = Release|Any CPU
		{B6017BFD-DE6A-45B0-AF86-10061EBC22CF}.Debug|Any CPU.ActiveCfg = Debug|Any CPU
		{B6017BFD-DE6A-45B0-AF86-10061EBC22CF}.Debug|Any CPU.Build.0 = Debug|Any CPU
		{B6017BFD-DE6A-45B0-AF86-10061EBC22CF}.Release|Any CPU.ActiveCfg = Release|Any CPU
		{B6017BFD-DE6A-45B0-AF86-10061EBC22CF}.Release|Any CPU.Build.0 = Release|Any CPU
		{C505709B-A5D5-4917-BF9A-4A3AFB18B84F}.Debug|Any CPU.ActiveCfg = Debug|Any CPU
		{C505709B-A5D5-4917-BF9A-4A3AFB18B84F}.Debug|Any CPU.Build.0 = Debug|Any CPU
		{C505709B-A5D5-4917-BF9A-4A3AFB18B84F}.Release|Any CPU.ActiveCfg = Release|Any CPU
		{C505709B-A5D5-4917-BF9A-4A3AFB18B84F}.Release|Any CPU.Build.0 = Release|Any CPU
		{48D7264B-2934-4508-9540-4C3B1020C0C5}.Debug|Any CPU.ActiveCfg = Debug|Any CPU
		{48D7264B-2934-4508-9540-4C3B1020C0C5}.Debug|Any CPU.Build.0 = Debug|Any CPU
		{48D7264B-2934-4508-9540-4C3B1020C0C5}.Release|Any CPU.ActiveCfg = Release|Any CPU
		{48D7264B-2934-4508-9540-4C3B1020C0C5}.Release|Any CPU.Build.0 = Release|Any CPU
		{28B8023B-4420-4302-AB12-AA137BF0C45E}.Debug|Any CPU.ActiveCfg = Debug|Any CPU
		{28B8023B-4420-4302-AB12-AA137BF0C45E}.Debug|Any CPU.Build.0 = Debug|Any CPU
		{28B8023B-4420-4302-AB12-AA137BF0C45E}.Release|Any CPU.ActiveCfg = Release|Any CPU
		{28B8023B-4420-4302-AB12-AA137BF0C45E}.Release|Any CPU.Build.0 = Release|Any CPU
		{B5098D8A-950E-491A-B9B4-D454581EE21A}.Debug|Any CPU.ActiveCfg = Debug|Any CPU
		{B5098D8A-950E-491A-B9B4-D454581EE21A}.Debug|Any CPU.Build.0 = Debug|Any CPU
		{B5098D8A-950E-491A-B9B4-D454581EE21A}.Release|Any CPU.ActiveCfg = Release|Any CPU
		{B5098D8A-950E-491A-B9B4-D454581EE21A}.Release|Any CPU.Build.0 = Release|Any CPU
		{D2843867-7CC9-4213-8BFF-782E9BF2DE40}.Debug|Any CPU.ActiveCfg = Debug|Any CPU
		{D2843867-7CC9-4213-8BFF-782E9BF2DE40}.Debug|Any CPU.Build.0 = Debug|Any CPU
		{D2843867-7CC9-4213-8BFF-782E9BF2DE40}.Release|Any CPU.ActiveCfg = Release|Any CPU
		{D2843867-7CC9-4213-8BFF-782E9BF2DE40}.Release|Any CPU.Build.0 = Release|Any CPU
	EndGlobalSection
	GlobalSection(NestedProjects) = preSolution
		{63971A94-4F8F-4C8D-9998-E995D6B54CEF} = {97EDC762-B7EF-4EC3-AE2D-F14D17775B47}
		{B3997EE4-A1FE-42DA-9FE1-D1F60655DA17} = {97EDC762-B7EF-4EC3-AE2D-F14D17775B47}
		{B9D6C428-F1CB-43B1-9D08-D646E9C23B57} = {97EDC762-B7EF-4EC3-AE2D-F14D17775B47}
		{0B3E118C-A014-4719-959B-54D44C7C817A} = {923FB353-890B-4B43-8971-9229667B37A0}
		{301AE53F-7120-474A-881F-68C1A872699C} = {923FB353-890B-4B43-8971-9229667B37A0}
		{7947C1A2-DD95-4CDD-BAF8-025B98587CFC} = {923FB353-890B-4B43-8971-9229667B37A0}
		{D1DC4D80-855D-4CAC-BBE9-7C13D60EC5BB} = {DA6AF80E-E636-4DA2-90E0-6A8E80C74F63}
		{01D25A30-4958-4255-BD6B-87C7305606E8} = {DA6AF80E-E636-4DA2-90E0-6A8E80C74F63}
		{ED0740AE-615E-4179-AE34-780F3F97FF8D} = {DA6AF80E-E636-4DA2-90E0-6A8E80C74F63}
		{8D614B07-B7B6-42BD-AC9B-E16F665A64C0} = {3B3C043F-1C8D-4092-B95A-91AB39BEB580}
		{71A20F40-A350-4D3D-8CE9-103C6429DE3E} = {3B3C043F-1C8D-4092-B95A-91AB39BEB580}
		{0C1A1231-D612-41EC-8C45-E8C4F372A051} = {3B3C043F-1C8D-4092-B95A-91AB39BEB580}
		{B6017BFD-DE6A-45B0-AF86-10061EBC22CF} = {3B3C043F-1C8D-4092-B95A-91AB39BEB580}
		{C505709B-A5D5-4917-BF9A-4A3AFB18B84F} = {DA6AF80E-E636-4DA2-90E0-6A8E80C74F63}
		{28B8023B-4420-4302-AB12-AA137BF0C45E} = {923FB353-890B-4B43-8971-9229667B37A0}
		{B5098D8A-950E-491A-B9B4-D454581EE21A} = {3B3C043F-1C8D-4092-B95A-91AB39BEB580}
		{D2843867-7CC9-4213-8BFF-782E9BF2DE40} = {97EDC762-B7EF-4EC3-AE2D-F14D17775B47}
	EndGlobalSection
EndGlobal
